
Microsoft Visual Studio Solution File, Format Version 12.00
# Visual Studio Version 16
VisualStudioVersion = 16.0.30320.27
MinimumVisualStudioVersion = 10.0.40219.1
Project("{FAE04EC0-301F-11D3-BF4B-00C04F79EFBC}") = "sonia calculator", "sonia calculator.csproj", "{20216FF1-A406-4CC3-A63E-F84C9DEE1835}"
EndProject
Global
	GlobalSection(SolutionConfigurationPlatforms) = preSolution
		Debug|Any CPU = Debug|Any CPU
		Release|Any CPU = Release|Any CPU
	EndGlobalSection
	GlobalSection(ProjectConfigurationPlatforms) = postSolution
		{20216FF1-A406-4CC3-A63E-F84C9DEE1835}.Debug|Any CPU.ActiveCfg = Debug|Any CPU
		{20216FF1-A406-4CC3-A63E-F84C9DEE1835}.Debug|Any CPU.Build.0 = Debug|Any CPU
		{20216FF1-A406-4CC3-A63E-F84C9DEE1835}.Release|Any CPU.ActiveCfg = Release|Any CPU
		{20216FF1-A406-4CC3-A63E-F84C9DEE1835}.Release|Any CPU.Build.0 = Release|Any CPU
	EndGlobalSection
	GlobalSection(SolutionProperties) = preSolution
		HideSolutionNode = FALSE
	EndGlobalSection
	GlobalSection(ExtensibilityGlobals) = postSolution
		SolutionGuid = {5A796554-0B07-4D54-B69A-4B770B96A2D2}
	EndGlobalSection
EndGlobal
